// !$*UTF8*$!
{
	archiveVersion = 1;
	classes = {
	};
	objectVersion = 55;
	objects = {

/* Begin PBXBuildFile section */
		8D8979642797111F00367116 /* ExchangeRates.swift in Sources */ = {isa = PBXBuildFile; fileRef = 8D8979632797111F00367116 /* ExchangeRates.swift */; };
		8DD7003C2795FD0C00C12EBA /* AppDelegate.swift in Sources */ = {isa = PBXBuildFile; fileRef = 8DD7003B2795FD0C00C12EBA /* AppDelegate.swift */; };
		8DD7003E2795FD0C00C12EBA /* SceneDelegate.swift in Sources */ = {isa = PBXBuildFile; fileRef = 8DD7003D2795FD0C00C12EBA /* SceneDelegate.swift */; };
		8DD700402795FD0C00C12EBA /* ViewController.swift in Sources */ = {isa = PBXBuildFile; fileRef = 8DD7003F2795FD0C00C12EBA /* ViewController.swift */; };
		8DD700432795FD0C00C12EBA /* Main.storyboard in Resources */ = {isa = PBXBuildFile; fileRef = 8DD700412795FD0C00C12EBA /* Main.storyboard */; };
		8DD700452795FD0D00C12EBA /* Assets.xcassets in Resources */ = {isa = PBXBuildFile; fileRef = 8DD700442795FD0D00C12EBA /* Assets.xcassets */; };
		8DD700482795FD0D00C12EBA /* LaunchScreen.storyboard in Resources */ = {isa = PBXBuildFile; fileRef = 8DD700462795FD0D00C12EBA /* LaunchScreen.storyboard */; };
		8DD700532795FD0D00C12EBA /* SimpleCurrencyConverterTests.swift in Sources */ = {isa = PBXBuildFile; fileRef = 8DD700522795FD0D00C12EBA /* SimpleCurrencyConverterTests.swift */; };
		8DD7005D2795FD0D00C12EBA /* SimpleCurrencyConverterUITests.swift in Sources */ = {isa = PBXBuildFile; fileRef = 8DD7005C2795FD0D00C12EBA /* SimpleCurrencyConverterUITests.swift */; };
		8DD7005F2795FD0D00C12EBA /* SimpleCurrencyConverterUITestsLaunchTests.swift in Sources */ = {isa = PBXBuildFile; fileRef = 8DD7005E2795FD0D00C12EBA /* SimpleCurrencyConverterUITestsLaunchTests.swift */; };
/* End PBXBuildFile section */

/* Begin PBXContainerItemProxy section */
		8DD7004F2795FD0D00C12EBA /* PBXContainerItemProxy */ = {
			isa = PBXContainerItemProxy;
			containerPortal = 8DD700302795FD0C00C12EBA /* Project object */;
			proxyType = 1;
			remoteGlobalIDString = 8DD700372795FD0C00C12EBA;
			remoteInfo = SimpleCurrencyConverter;
		};
		8DD700592795FD0D00C12EBA /* PBXContainerItemProxy */ = {
			isa = PBXContainerItemProxy;
			containerPortal = 8DD700302795FD0C00C12EBA /* Project object */;
			proxyType = 1;
			remoteGlobalIDString = 8DD700372795FD0C00C12EBA;
			remoteInfo = SimpleCurrencyConverter;
		};
/* End PBXContainerItemProxy section */

/* Begin PBXFileReference section */
		8D8979632797111F00367116 /* ExchangeRates.swift */ = {isa = PBXFileReference; lastKnownFileType = sourcecode.swift; path = ExchangeRates.swift; sourceTree = "<group>"; };
		8DD700382795FD0C00C12EBA /* SimpleCurrencyConverter.app */ = {isa = PBXFileReference; explicitFileType = wrapper.application; includeInIndex = 0; path = SimpleCurrencyConverter.app; sourceTree = BUILT_PRODUCTS_DIR; };
		8DD7003B2795FD0C00C12EBA /* AppDelegate.swift */ = {isa = PBXFileReference; lastKnownFileType = sourcecode.swift; path = AppDelegate.swift; sourceTree = "<group>"; };
		8DD7003D2795FD0C00C12EBA /* SceneDelegate.swift */ = {isa = PBXFileReference; lastKnownFileType = sourcecode.swift; path = SceneDelegate.swift; sourceTree = "<group>"; };
		8DD7003F2795FD0C00C12EBA /* ViewController.swift */ = {isa = PBXFileReference; lastKnownFileType = sourcecode.swift; path = ViewController.swift; sourceTree = "<group>"; };
		8DD700422795FD0C00C12EBA /* Base */ = {isa = PBXFileReference; lastKnownFileType = file.storyboard; name = Base; path = Base.lproj/Main.storyboard; sourceTree = "<group>"; };
		8DD700442795FD0D00C12EBA /* Assets.xcassets */ = {isa = PBXFileReference; lastKnownFileType = folder.assetcatalog; path = Assets.xcassets; sourceTree = "<group>"; };
		8DD700472795FD0D00C12EBA /* Base */ = {isa = PBXFileReference; lastKnownFileType = file.storyboard; name = Base; path = Base.lproj/LaunchScreen.storyboard; sourceTree = "<group>"; };
		8DD700492795FD0D00C12EBA /* Info.plist */ = {isa = PBXFileReference; lastKnownFileType = text.plist.xml; path = Info.plist; sourceTree = "<group>"; };
		8DD7004E2795FD0D00C12EBA /* SimpleCurrencyConverterTests.xctest */ = {isa = PBXFileReference; explicitFileType = wrapper.cfbundle; includeInIndex = 0; path = SimpleCurrencyConverterTests.xctest; sourceTree = BUILT_PRODUCTS_DIR; };
		8DD700522795FD0D00C12EBA /* SimpleCurrencyConverterTests.swift */ = {isa = PBXFileReference; lastKnownFileType = sourcecode.swift; path = SimpleCurrencyConverterTests.swift; sourceTree = "<group>"; };
		8DD700582795FD0D00C12EBA /* SimpleCurrencyConverterUITests.xctest */ = {isa = PBXFileReference; explicitFileType = wrapper.cfbundle; includeInIndex = 0; path = SimpleCurrencyConverterUITests.xctest; sourceTree = BUILT_PRODUCTS_DIR; };
		8DD7005C2795FD0D00C12EBA /* SimpleCurrencyConverterUITests.swift */ = {isa = PBXFileReference; lastKnownFileType = sourcecode.swift; path = SimpleCurrencyConverterUITests.swift; sourceTree = "<group>"; };
		8DD7005E2795FD0D00C12EBA /* SimpleCurrencyConverterUITestsLaunchTests.swift */ = {isa = PBXFileReference; lastKnownFileType = sourcecode.swift; path = SimpleCurrencyConverterUITestsLaunchTests.swift; sourceTree = "<group>"; };
/* End PBXFileReference section */

/* Begin PBXFrameworksBuildPhase section */
		8DD700352795FD0C00C12EBA /* Frameworks */ = {
			isa = PBXFrameworksBuildPhase;
			buildActionMask = 2147483647;
			files = (
			);
			runOnlyForDeploymentPostprocessing = 0;
		};
		8DD7004B2795FD0D00C12EBA /* Frameworks */ = {
			isa = PBXFrameworksBuildPhase;
			buildActionMask = 2147483647;
			files = (
			);
			runOnlyForDeploymentPostprocessing = 0;
		};
		8DD700552795FD0D00C12EBA /* Frameworks */ = {
			isa = PBXFrameworksBuildPhase;
			buildActionMask = 2147483647;
			files = (
			);
			runOnlyForDeploymentPostprocessing = 0;
		};
/* End PBXFrameworksBuildPhase section */

/* Begin PBXGroup section */
		8DD7002F2795FD0C00C12EBA = {
			isa = PBXGroup;
			children = (
				8DD7003A2795FD0C00C12EBA /* SimpleCurrencyConverter */,
				8DD700512795FD0D00C12EBA /* SimpleCurrencyConverterTests */,
				8DD7005B2795FD0D00C12EBA /* SimpleCurrencyConverterUITests */,
				8DD700392795FD0C00C12EBA /* Products */,
			);
			sourceTree = "<group>";
		};
		8DD700392795FD0C00C12EBA /* Products */ = {
			isa = PBXGroup;
			children = (
				8DD700382795FD0C00C12EBA /* SimpleCurrencyConverter.app */,
				8DD7004E2795FD0D00C12EBA /* SimpleCurrencyConverterTests.xctest */,
				8DD700582795FD0D00C12EBA /* SimpleCurrencyConverterUITests.xctest */,
			);
			name = Products;
			sourceTree = "<group>";
		};
		8DD7003A2795FD0C00C12EBA /* SimpleCurrencyConverter */ = {
			isa = PBXGroup;
			children = (
				8DD7003B2795FD0C00C12EBA /* AppDelegate.swift */,
				8DD7003D2795FD0C00C12EBA /* SceneDelegate.swift */,
				8DD7003F2795FD0C00C12EBA /* ViewController.swift */,
				8D8979632797111F00367116 /* ExchangeRates.swift */,
				8DD700412795FD0C00C12EBA /* Main.storyboard */,
				8DD700442795FD0D00C12EBA /* Assets.xcassets */,
				8DD700462795FD0D00C12EBA /* LaunchScreen.storyboard */,
				8DD700492795FD0D00C12EBA /* Info.plist */,
			);
			path = SimpleCurrencyConverter;
			sourceTree = "<group>";
		};
		8DD700512795FD0D00C12EBA /* SimpleCurrencyConverterTests */ = {
			isa = PBXGroup;
			children = (
				8DD700522795FD0D00C12EBA /* SimpleCurrencyConverterTests.swift */,
			);
			path = SimpleCurrencyConverterTests;
			sourceTree = "<group>";
		};
		8DD7005B2795FD0D00C12EBA /* SimpleCurrencyConverterUITests */ = {
			isa = PBXGroup;
			children = (
				8DD7005C2795FD0D00C12EBA /* SimpleCurrencyConverterUITests.swift */,
				8DD7005E2795FD0D00C12EBA /* SimpleCurrencyConverterUITestsLaunchTests.swift */,
			);
			path = SimpleCurrencyConverterUITests;
			sourceTree = "<group>";
		};
/* End PBXGroup section */

/* Begin PBXNativeTarget section */
		8DD700372795FD0C00C12EBA /* SimpleCurrencyConverter */ = {
			isa = PBXNativeTarget;
			buildConfigurationList = 8DD700622795FD0D00C12EBA /* Build configuration list for PBXNativeTarget "SimpleCurrencyConverter" */;
			buildPhases = (
				8DD700342795FD0C00C12EBA /* Sources */,
				8DD700352795FD0C00C12EBA /* Frameworks */,
				8DD700362795FD0C00C12EBA /* Resources */,
			);
			buildRules = (
			);
			dependencies = (
			);
			name = SimpleCurrencyConverter;
			productName = SimpleCurrencyConverter;
			productReference = 8DD700382795FD0C00C12EBA /* SimpleCurrencyConverter.app */;
			productType = "com.apple.product-type.application";
		};
		8DD7004D2795FD0D00C12EBA /* SimpleCurrencyConverterTests */ = {
			isa = PBXNativeTarget;
			buildConfigurationList = 8DD700652795FD0D00C12EBA /* Build configuration list for PBXNativeTarget "SimpleCurrencyConverterTests" */;
			buildPhases = (
				8DD7004A2795FD0D00C12EBA /* Sources */,
				8DD7004B2795FD0D00C12EBA /* Frameworks */,
				8DD7004C2795FD0D00C12EBA /* Resources */,
			);
			buildRules = (
			);
			dependencies = (
				8DD700502795FD0D00C12EBA /* PBXTargetDependency */,
			);
			name = SimpleCurrencyConverterTests;
			productName = SimpleCurrencyConverterTests;
			productReference = 8DD7004E2795FD0D00C12EBA /* SimpleCurrencyConverterTests.xctest */;
			productType = "com.apple.product-type.bundle.unit-test";
		};
		8DD700572795FD0D00C12EBA /* SimpleCurrencyConverterUITests */ = {
			isa = PBXNativeTarget;
			buildConfigurationList = 8DD700682795FD0D00C12EBA /* Build configuration list for PBXNativeTarget "SimpleCurrencyConverterUITests" */;
			buildPhases = (
				8DD700542795FD0D00C12EBA /* Sources */,
				8DD700552795FD0D00C12EBA /* Frameworks */,
				8DD700562795FD0D00C12EBA /* Resources */,
			);
			buildRules = (
			);
			dependencies = (
				8DD7005A2795FD0D00C12EBA /* PBXTargetDependency */,
			);
			name = SimpleCurrencyConverterUITests;
			productName = SimpleCurrencyConverterUITests;
			productReference = 8DD700582795FD0D00C12EBA /* SimpleCurrencyConverterUITests.xctest */;
			productType = "com.apple.product-type.bundle.ui-testing";
		};
/* End PBXNativeTarget section */

/* Begin PBXProject section */
		8DD700302795FD0C00C12EBA /* Project object */ = {
			isa = PBXProject;
			attributes = {
				BuildIndependentTargetsInParallel = 1;
				LastSwiftUpdateCheck = 1320;
				LastUpgradeCheck = 1320;
				TargetAttributes = {
					8DD700372795FD0C00C12EBA = {
						CreatedOnToolsVersion = 13.2.1;
					};
					8DD7004D2795FD0D00C12EBA = {
						CreatedOnToolsVersion = 13.2.1;
						TestTargetID = 8DD700372795FD0C00C12EBA;
					};
					8DD700572795FD0D00C12EBA = {
						CreatedOnToolsVersion = 13.2.1;
						TestTargetID = 8DD700372795FD0C00C12EBA;
					};
				};
			};
			buildConfigurationList = 8DD700332795FD0C00C12EBA /* Build configuration list for PBXProject "SimpleCurrencyConverter" */;
			compatibilityVersion = "Xcode 13.0";
			developmentRegion = en;
			hasScannedForEncodings = 0;
			knownRegions = (
				en,
				Base,
			);
			mainGroup = 8DD7002F2795FD0C00C12EBA;
			productRefGroup = 8DD700392795FD0C00C12EBA /* Products */;
			projectDirPath = "";
			projectRoot = "";
			targets = (
				8DD700372795FD0C00C12EBA /* SimpleCurrencyConverter */,
				8DD7004D2795FD0D00C12EBA /* SimpleCurrencyConverterTests */,
				8DD700572795FD0D00C12EBA /* SimpleCurrencyConverterUITests */,
			);
		};
/* End PBXProject section */

/* Begin PBXResourcesBuildPhase section */
		8DD700362795FD0C00C12EBA /* Resources */ = {
			isa = PBXResourcesBuildPhase;
			buildActionMask = 2147483647;
			files = (
				8DD700482795FD0D00C12EBA /* LaunchScreen.storyboard in Resources */,
				8DD700452795FD0D00C12EBA /* Assets.xcassets in Resources */,
				8DD700432795FD0C00C12EBA /* Main.storyboard in Resources */,
			);
			runOnlyForDeploymentPostprocessing = 0;
		};
		8DD7004C2795FD0D00C12EBA /* Resources */ = {
			isa = PBXResourcesBuildPhase;
			buildActionMask = 2147483647;
			files = (
			);
			runOnlyForDeploymentPostprocessing = 0;
		};
		8DD700562795FD0D00C12EBA /* Resources */ = {
			isa = PBXResourcesBuildPhase;
			buildActionMask = 2147483647;
			files = (
			);
			runOnlyForDeploymentPostprocessing = 0;
		};
/* End PBXResourcesBuildPhase section */

/* Begin PBXSourcesBuildPhase section */
		8DD700342795FD0C00C12EBA /* Sources */ = {
			isa = PBXSourcesBuildPhase;
			buildActionMask = 2147483647;
			files = (
				8D8979642797111F00367116 /* ExchangeRates.swift in Sources */,
				8DD700402795FD0C00C12EBA /* ViewController.swift in Sources */,
				8DD7003C2795FD0C00C12EBA /* AppDelegate.swift in Sources */,
				8DD7003E2795FD0C00C12EBA /* SceneDelegate.swift in Sources */,
			);
			runOnlyForDeploymentPostprocessing = 0;
		};
		8DD7004A2795FD0D00C12EBA /* Sources */ = {
			isa = PBXSourcesBuildPhase;
			buildActionMask = 2147483647;
			files = (
				8DD700532795FD0D00C12EBA /* SimpleCurrencyConverterTests.swift in Sources */,
			);
			runOnlyForDeploymentPostprocessing = 0;
		};
		8DD700542795FD0D00C12EBA /* Sources */ = {
			isa = PBXSourcesBuildPhase;
			buildActionMask = 2147483647;
			files = (
				8DD7005F2795FD0D00C12EBA /* SimpleCurrencyConverterUITestsLaunchTests.swift in Sources */,
				8DD7005D2795FD0D00C12EBA /* SimpleCurrencyConverterUITests.swift in Sources */,
			);
			runOnlyForDeploymentPostprocessing = 0;
		};
/* End PBXSourcesBuildPhase section */

/* Begin PBXTargetDependency section */
		8DD700502795FD0D00C12EBA /* PBXTargetDependency */ = {
			isa = PBXTargetDependency;
			target = 8DD700372795FD0C00C12EBA /* SimpleCurrencyConverter */;
			targetProxy = 8DD7004F2795FD0D00C12EBA /* PBXContainerItemProxy */;
		};
		8DD7005A2795FD0D00C12EBA /* PBXTargetDependency */ = {
			isa = PBXTargetDependency;
			target = 8DD700372795FD0C00C12EBA /* SimpleCurrencyConverter */;
			targetProxy = 8DD700592795FD0D00C12EBA /* PBXContainerItemProxy */;
		};
/* End PBXTargetDependency section */

/* Begin PBXVariantGroup section */
		8DD700412795FD0C00C12EBA /* Main.storyboard */ = {
			isa = PBXVariantGroup;
			children = (
				8DD700422795FD0C00C12EBA /* Base */,
			);
			name = Main.storyboard;
			sourceTree = "<group>";
		};
		8DD700462795FD0D00C12EBA /* LaunchScreen.storyboard */ = {
			isa = PBXVariantGroup;
			children = (
				8DD700472795FD0D00C12EBA /* Base */,
			);
			name = LaunchScreen.storyboard;
			sourceTree = "<group>";
		};
/* End PBXVariantGroup section */

/* Begin XCBuildConfiguration section */
		8DD700602795FD0D00C12EBA /* Debug */ = {
			isa = XCBuildConfiguration;
			buildSettings = {
				ALWAYS_SEARCH_USER_PATHS = NO;
				CLANG_ANALYZER_NONNULL = YES;
				CLANG_ANALYZER_NUMBER_OBJECT_CONVERSION = YES_AGGRESSIVE;
				CLANG_CXX_LANGUAGE_STANDARD = "gnu++17";
				CLANG_CXX_LIBRARY = "libc++";
				CLANG_ENABLE_MODULES = YES;
				CLANG_ENABLE_OBJC_ARC = YES;
				CLANG_ENABLE_OBJC_WEAK = YES;
				CLANG_WARN_BLOCK_CAPTURE_AUTORELEASING = YES;
				CLANG_WARN_BOOL_CONVERSION = YES;
				CLANG_WARN_COMMA = YES;
				CLANG_WARN_CONSTANT_CONVERSION = YES;
				CLANG_WARN_DEPRECATED_OBJC_IMPLEMENTATIONS = YES;
				CLANG_WARN_DIRECT_OBJC_ISA_USAGE = YES_ERROR;
				CLANG_WARN_DOCUMENTATION_COMMENTS = YES;
				CLANG_WARN_EMPTY_BODY = YES;
				CLANG_WARN_ENUM_CONVERSION = YES;
				CLANG_WARN_INFINITE_RECURSION = YES;
				CLANG_WARN_INT_CONVERSION = YES;
				CLANG_WARN_NON_LITERAL_NULL_CONVERSION = YES;
				CLANG_WARN_OBJC_IMPLICIT_RETAIN_SELF = YES;
				CLANG_WARN_OBJC_LITERAL_CONVERSION = YES;
				CLANG_WARN_OBJC_ROOT_CLASS = YES_ERROR;
				CLANG_WARN_QUOTED_INCLUDE_IN_FRAMEWORK_HEADER = YES;
				CLANG_WARN_RANGE_LOOP_ANALYSIS = YES;
				CLANG_WARN_STRICT_PROTOTYPES = YES;
				CLANG_WARN_SUSPICIOUS_MOVE = YES;
				CLANG_WARN_UNGUARDED_AVAILABILITY = YES_AGGRESSIVE;
				CLANG_WARN_UNREACHABLE_CODE = YES;
				CLANG_WARN__DUPLICATE_METHOD_MATCH = YES;
				COPY_PHASE_STRIP = NO;
				DEBUG_INFORMATION_FORMAT = dwarf;
				ENABLE_STRICT_OBJC_MSGSEND = YES;
				ENABLE_TESTABILITY = YES;
				GCC_C_LANGUAGE_STANDARD = gnu11;
				GCC_DYNAMIC_NO_PIC = NO;
				GCC_NO_COMMON_BLOCKS = YES;
				GCC_OPTIMIZATION_LEVEL = 0;
				GCC_PREPROCESSOR_DEFINITIONS = (
					"DEBUG=1",
					"$(inherited)",
				);
				GCC_WARN_64_TO_32_BIT_CONVERSION = YES;
				GCC_WARN_ABOUT_RETURN_TYPE = YES_ERROR;
				GCC_WARN_UNDECLARED_SELECTOR = YES;
				GCC_WARN_UNINITIALIZED_AUTOS = YES_AGGRESSIVE;
				GCC_WARN_UNUSED_FUNCTION = YES;
				GCC_WARN_UNUSED_VARIABLE = YES;
				IPHONEOS_DEPLOYMENT_TARGET = 15.2;
				MTL_ENABLE_DEBUG_INFO = INCLUDE_SOURCE;
				MTL_FAST_MATH = YES;
				ONLY_ACTIVE_ARCH = YES;
				SDKROOT = iphoneos;
				SWIFT_ACTIVE_COMPILATION_CONDITIONS = DEBUG;
				SWIFT_OPTIMIZATION_LEVEL = "-Onone";
			};
			name = Debug;
		};
		8DD700612795FD0D00C12EBA /* Release */ = {
			isa = XCBuildConfiguration;
			buildSettings = {
				ALWAYS_SEARCH_USER_PATHS = NO;
				CLANG_ANALYZER_NONNULL = YES;
				CLANG_ANALYZER_NUMBER_OBJECT_CONVERSION = YES_AGGRESSIVE;
				CLANG_CXX_LANGUAGE_STANDARD = "gnu++17";
				CLANG_CXX_LIBRARY = "libc++";
				CLANG_ENABLE_MODULES = YES;
				CLANG_ENABLE_OBJC_ARC = YES;
				CLANG_ENABLE_OBJC_WEAK = YES;
				CLANG_WARN_BLOCK_CAPTURE_AUTORELEASING = YES;
				CLANG_WARN_BOOL_CONVERSION = YES;
				CLANG_WARN_COMMA = YES;
				CLANG_WARN_CONSTANT_CONVERSION = YES;
				CLANG_WARN_DEPRECATED_OBJC_IMPLEMENTATIONS = YES;
				CLANG_WARN_DIRECT_OBJC_ISA_USAGE = YES_ERROR;
				CLANG_WARN_DOCUMENTATION_COMMENTS = YES;
				CLANG_WARN_EMPTY_BODY = YES;
				CLANG_WARN_ENUM_CONVERSION = YES;
				CLANG_WARN_INFINITE_RECURSION = YES;
				CLANG_WARN_INT_CONVERSION = YES;
				CLANG_WARN_NON_LITERAL_NULL_CONVERSION = YES;
				CLANG_WARN_OBJC_IMPLICIT_RETAIN_SELF = YES;
				CLANG_WARN_OBJC_LITERAL_CONVERSION = YES;
				CLANG_WARN_OBJC_ROOT_CLASS = YES_ERROR;
				CLANG_WARN_QUOTED_INCLUDE_IN_FRAMEWORK_HEADER = YES;
				CLANG_WARN_RANGE_LOOP_ANALYSIS = YES;
				CLANG_WARN_STRICT_PROTOTYPES = YES;
				CLANG_WARN_SUSPICIOUS_MOVE = YES;
				CLANG_WARN_UNGUARDED_AVAILABILITY = YES_AGGRESSIVE;
				CLANG_WARN_UNREACHABLE_CODE = YES;
				CLANG_WARN__DUPLICATE_METHOD_MATCH = YES;
				COPY_PHASE_STRIP = NO;
				DEBUG_INFORMATION_FORMAT = "dwarf-with-dsym";
				ENABLE_NS_ASSERTIONS = NO;
				ENABLE_STRICT_OBJC_MSGSEND = YES;
				GCC_C_LANGUAGE_STANDARD = gnu11;
				GCC_NO_COMMON_BLOCKS = YES;
				GCC_WARN_64_TO_32_BIT_CONVERSION = YES;
				GCC_WARN_ABOUT_RETURN_TYPE = YES_ERROR;
				GCC_WARN_UNDECLARED_SELECTOR = YES;
				GCC_WARN_UNINITIALIZED_AUTOS = YES_AGGRESSIVE;
				GCC_WARN_UNUSED_FUNCTION = YES;
				GCC_WARN_UNUSED_VARIABLE = YES;
				IPHONEOS_DEPLOYMENT_TARGET = 15.2;
				MTL_ENABLE_DEBUG_INFO = NO;
				MTL_FAST_MATH = YES;
				SDKROOT = iphoneos;
				SWIFT_COMPILATION_MODE = wholemodule;
				SWIFT_OPTIMIZATION_LEVEL = "-O";
				VALIDATE_PRODUCT = YES;
			};
			name = Release;
		};
		8DD700632795FD0D00C12EBA /* Debug */ = {
			isa = XCBuildConfiguration;
			buildSettings = {
				ASSETCATALOG_COMPILER_APPICON_NAME = AppIcon;
				ASSETCATALOG_COMPILER_GLOBAL_ACCENT_COLOR_NAME = AccentColor;
				CODE_SIGN_STYLE = Automatic;
				CURRENT_PROJECT_VERSION = 1;
				DEVELOPMENT_TEAM = 35K826YZC6;
				GENERATE_INFOPLIST_FILE = YES;
				INFOPLIST_FILE = SimpleCurrencyConverter/Info.plist;
				INFOPLIST_KEY_UIApplicationSupportsIndirectInputEvents = YES;
				INFOPLIST_KEY_UILaunchStoryboardName = LaunchScreen;
				INFOPLIST_KEY_UIMainStoryboardFile = Main;
				INFOPLIST_KEY_UISupportedInterfaceOrientations_iPad = "UIInterfaceOrientationPortrait UIInterfaceOrientationPortraitUpsideDown UIInterfaceOrientationLandscapeLeft UIInterfaceOrientationLandscapeRight";
				INFOPLIST_KEY_UISupportedInterfaceOrientations_iPhone = "UIInterfaceOrientationPortrait UIInterfaceOrientationLandscapeLeft UIInterfaceOrientationLandscapeRight";
				LD_RUNPATH_SEARCH_PATHS = (
					"$(inherited)",
					"@executable_path/Frameworks",
				);
				MARKETING_VERSION = 1.0;
				PRODUCT_BUNDLE_IDENTIFIER = blazeeYesForSure.SimpleCurrencyConverter;
				PRODUCT_NAME = "$(TARGET_NAME)";
				SWIFT_EMIT_LOC_STRINGS = YES;
				SWIFT_VERSION = 5.0;
				TARGETED_DEVICE_FAMILY = "1,2";
			};
			name = Debug;
		};
		8DD700642795FD0D00C12EBA /* Release */ = {
			isa = XCBuildConfiguration;
			buildSettings = {
				ASSETCATALOG_COMPILER_APPICON_NAME = AppIcon;
				ASSETCATALOG_COMPILER_GLOBAL_ACCENT_COLOR_NAME = AccentColor;
				CODE_SIGN_STYLE = Automatic;
				CURRENT_PROJECT_VERSION = 1;
				DEVELOPMENT_TEAM = 35K826YZC6;
				GENERATE_INFOPLIST_FILE = YES;
				INFOPLIST_FILE = SimpleCurrencyConverter/Info.plist;
				INFOPLIST_KEY_UIApplicationSupportsIndirectInputEvents = YES;
				INFOPLIST_KEY_UILaunchStoryboardName = LaunchScreen;
				INFOPLIST_KEY_UIMainStoryboardFile = Main;
				INFOPLIST_KEY_UISupportedInterfaceOrientations_iPad = "UIInterfaceOrientationPortrait UIInterfaceOrientationPortraitUpsideDown UIInterfaceOrientationLandscapeLeft UIInterfaceOrientationLandscapeRight";
				INFOPLIST_KEY_UISupportedInterfaceOrientations_iPhone = "UIInterfaceOrientationPortrait UIInterfaceOrientationLandscapeLeft UIInterfaceOrientationLandscapeRight";
				LD_RUNPATH_SEARCH_PATHS = (
					"$(inherited)",
					"@executable_path/Frameworks",
				);
				MARKETING_VERSION = 1.0;
				PRODUCT_BUNDLE_IDENTIFIER = blazeeYesForSure.SimpleCurrencyConverter;
				PRODUCT_NAME = "$(TARGET_NAME)";
				SWIFT_EMIT_LOC_STRINGS = YES;
				SWIFT_VERSION = 5.0;
				TARGETED_DEVICE_FAMILY = "1,2";
			};
			name = Release;
		};
		8DD700662795FD0D00C12EBA /* Debug */ = {
			isa = XCBuildConfiguration;
			buildSettings = {
				ALWAYS_EMBED_SWIFT_STANDARD_LIBRARIES = YES;
				BUNDLE_LOADER = "$(TEST_HOST)";
				CODE_SIGN_STYLE = Automatic;
				CURRENT_PROJECT_VERSION = 1;
				DEVELOPMENT_TEAM = 35K826YZC6;
				GENERATE_INFOPLIST_FILE = YES;
				IPHONEOS_DEPLOYMENT_TARGET = 15.2;
				MARKETING_VERSION = 1.0;
				PRODUCT_BUNDLE_IDENTIFIER = blazee.SimpleCurrencyConverterTests;
				PRODUCT_NAME = "$(TARGET_NAME)";
				SWIFT_EMIT_LOC_STRINGS = NO;
				SWIFT_VERSION = 5.0;
				TARGETED_DEVICE_FAMILY = "1,2";
				TEST_HOST = "$(BUILT_PRODUCTS_DIR)/SimpleCurrencyConverter.app/SimpleCurrencyConverter";
			};
			name = Debug;
		};
		8DD700672795FD0D00C12EBA /* Release */ = {
			isa = XCBuildConfiguration;
			buildSettings = {
				ALWAYS_EMBED_SWIFT_STANDARD_LIBRARIES = YES;
				BUNDLE_LOADER = "$(TEST_HOST)";
				CODE_SIGN_STYLE = Automatic;
				CURRENT_PROJECT_VERSION = 1;
				DEVELOPMENT_TEAM = 35K826YZC6;
				GENERATE_INFOPLIST_FILE = YES;
				IPHONEOS_DEPLOYMENT_TARGET = 15.2;
				MARKETING_VERSION = 1.0;
				PRODUCT_BUNDLE_IDENTIFIER = blazee.SimpleCurrencyConverterTests;
				PRODUCT_NAME = "$(TARGET_NAME)";
				SWIFT_EMIT_LOC_STRINGS = NO;
				SWIFT_VERSION = 5.0;
				TARGETED_DEVICE_FAMILY = "1,2";
				TEST_HOST = "$(BUILT_PRODUCTS_DIR)/SimpleCurrencyConverter.app/SimpleCurrencyConverter";
			};
			name = Release;
		};
		8DD700692795FD0D00C12EBA /* Debug */ = {
			isa = XCBuildConfiguration;
			buildSettings = {
				ALWAYS_EMBED_SWIFT_STANDARD_LIBRARIES = YES;
				CODE_SIGN_STYLE = Automatic;
				CURRENT_PROJECT_VERSION = 1;
				DEVELOPMENT_TEAM = 35K826YZC6;
				GENERATE_INFOPLIST_FILE = YES;
				MARKETING_VERSION = 1.0;
				PRODUCT_BUNDLE_IDENTIFIER = blazee.SimpleCurrencyConverterUITests;
				PRODUCT_NAME = "$(TARGET_NAME)";
				SWIFT_EMIT_LOC_STRINGS = NO;
				SWIFT_VERSION = 5.0;
				TARGETED_DEVICE_FAMILY = "1,2";
				TEST_TARGET_NAME = SimpleCurrencyConverter;
			};
			name = Debug;
		};
		8DD7006A2795FD0D00C12EBA /* Release */ = {
			isa = XCBuildConfiguration;
			buildSettings = {
				ALWAYS_EMBED_SWIFT_STANDARD_LIBRARIES = YES;
				CODE_SIGN_STYLE = Automatic;
				CURRENT_PROJECT_VERSION = 1;
				DEVELOPMENT_TEAM = 35K826YZC6;
				GENERATE_INFOPLIST_FILE = YES;
				MARKETING_VERSION = 1.0;
				PRODUCT_BUNDLE_IDENTIFIER = blazee.SimpleCurrencyConverterUITests;
				PRODUCT_NAME = "$(TARGET_NAME)";
				SWIFT_EMIT_LOC_STRINGS = NO;
				SWIFT_VERSION = 5.0;
				TARGETED_DEVICE_FAMILY = "1,2";
				TEST_TARGET_NAME = SimpleCurrencyConverter;
			};
			name = Release;
		};
/* End XCBuildConfiguration section */

/* Begin XCConfigurationList section */
		8DD700332795FD0C00C12EBA /* Build configuration list for PBXProject "SimpleCurrencyConverter" */ = {
			isa = XCConfigurationList;
			buildConfigurations = (
				8DD700602795FD0D00C12EBA /* Debug */,
				8DD700612795FD0D00C12EBA /* Release */,
			);
			defaultConfigurationIsVisible = 0;
			defaultConfigurationName = Release;
		};
		8DD700622795FD0D00C12EBA /* Build configuration list for PBXNativeTarget "SimpleCurrencyConverter" */ = {
			isa = XCConfigurationList;
			buildConfigurations = (
				8DD700632795FD0D00C12EBA /* Debug */,
				8DD700642795FD0D00C12EBA /* Release */,
			);
			defaultConfigurationIsVisible = 0;
			defaultConfigurationName = Release;
		};
		8DD700652795FD0D00C12EBA /* Build configuration list for PBXNativeTarget "SimpleCurrencyConverterTests" */ = {
			isa = XCConfigurationList;
			buildConfigurations = (
				8DD700662795FD0D00C12EBA /* Debug */,
				8DD700672795FD0D00C12EBA /* Release */,
			);
			defaultConfigurationIsVisible = 0;
			defaultConfigurationName = Release;
		};
		8DD700682795FD0D00C12EBA /* Build configuration list for PBXNativeTarget "SimpleCurrencyConverterUITests" */ = {
			isa = XCConfigurationList;
			buildConfigurations = (
				8DD700692795FD0D00C12EBA /* Debug */,
				8DD7006A2795FD0D00C12EBA /* Release */,
			);
			defaultConfigurationIsVisible = 0;
			defaultConfigurationName = Release;
		};
/* End XCConfigurationList section */
	};
	rootObject = 8DD700302795FD0C00C12EBA /* Project object */;
}
